
Microsoft Visual Studio Solution File, Format Version 12.00
# Visual Studio Version 16
VisualStudioVersion = 16.0.30717.126
MinimumVisualStudioVersion = 10.0.40219.1
Project("{FAE04EC0-301F-11D3-BF4B-00C04F79EFBC}") = "Experimenty", "Experimenty\Experimenty.csproj", "{83DC9931-0866-41D8-9446-EE77EE217D5E}"
EndProject
Global
	GlobalSection(SolutionConfigurationPlatforms) = preSolution
		Debug|Any CPU = Debug|Any CPU
		Release|Any CPU = Release|Any CPU
	EndGlobalSection
	GlobalSection(ProjectConfigurationPlatforms) = postSolution
		{83DC9931-0866-41D8-9446-EE77EE217D5E}.Debug|Any CPU.ActiveCfg = Debug|Any CPU
		{83DC9931-0866-41D8-9446-EE77EE217D5E}.Debug|Any CPU.Build.0 = Debug|Any CPU
		{83DC9931-0866-41D8-9446-EE77EE217D5E}.Release|Any CPU.ActiveCfg = Release|Any CPU
		{83DC9931-0866-41D8-9446-EE77EE217D5E}.Release|Any CPU.Build.0 = Release|Any CPU
	EndGlobalSection
	GlobalSection(SolutionProperties) = preSolution
		HideSolutionNode = FALSE
	EndGlobalSection
	GlobalSection(ExtensibilityGlobals) = postSolution
		SolutionGuid = {46906991-7E59-4061-ADA0-7BE0633A5BCA}
	EndGlobalSection
EndGlobal
